
Microsoft Visual Studio Solution File, Format Version 12.00
# Visual Studio Version 17
VisualStudioVersion = 17.12.35521.163
MinimumVisualStudioVersion = 10.0.40219.1
Project("{FAE04EC0-301F-11D3-BF4B-00C04F79EFBC}") = "FunWithArrays", "FunWithArrays\FunWithArrays.csproj", "{B682CB28-D3ED-4AEA-9C9D-1256A2280074}"
EndProject
Project("{FAE04EC0-301F-11D3-BF4B-00C04F79EFBC}") = "FunWithMethodOverloading", "FunWithMethodOverloading\FunWithMethodOverloading.csproj", "{3DB2DDEA-ED97-48A2-8D3F-D8F2717C41A5}"
EndProject
Project("{FAE04EC0-301F-11D3-BF4B-00C04F79EFBC}") = "FunWithEnum", "FunWithEnum\FunWithEnum.csproj", "{289CF844-EA8E-4065-B3CE-C7A054967AF0}"
EndProject
Project("{FAE04EC0-301F-11D3-BF4B-00C04F79EFBC}") = "FunWithBitwiseOperations", "FunWithBitwiseOperations\FunWithBitwiseOperations.csproj", "{9FE939FC-5136-4D00-9BE1-357C1AD50238}"
EndProject
Project("{FAE04EC0-301F-11D3-BF4B-00C04F79EFBC}") = "FunWithStructures", "FunWithStructures\FunWithStructures.csproj", "{BB6F528D-E8AE-4853-8B2B-88BBEB21FB96}"
EndProject
Project("{FAE04EC0-301F-11D3-BF4B-00C04F79EFBC}") = "FunWithValueAndReferenceTypes", "FunWithValueAndReferenceTypes\FunWithValueAndReferenceTypes.csproj", "{FF6C3EAD-DC34-4F88-B83A-E599A49CBDF3}"
EndProject
Project("{FAE04EC0-301F-11D3-BF4B-00C04F79EFBC}") = "FunWithRefTypeValTypeParams", "FunWithRefTypeValTypeParams\FunWithRefTypeValTypeParams.csproj", "{2CB8453E-C025-493A-A0A3-F468F08320F8}"
EndProject
Project("{FAE04EC0-301F-11D3-BF4B-00C04F79EFBC}") = "FunWithNaullableValueTypes", "FunWithNaullableValueTypes\FunWithNaullableValueTypes.csproj", "{28E2E6F5-C1A3-47EE-AA1C-7F3E96A2AE12}"
EndProject
Project("{FAE04EC0-301F-11D3-BF4B-00C04F79EFBC}") = "FunWithTuples", "FunWithTuples\FunWithTuples.csproj", "{44102F43-C1C9-47E5-82B2-54C3D7EDA8A8}"
EndProject
Global
	GlobalSection(SolutionConfigurationPlatforms) = preSolution
		Debug|Any CPU = Debug|Any CPU
		Release|Any CPU = Release|Any CPU
	EndGlobalSection
	GlobalSection(ProjectConfigurationPlatforms) = postSolution
		{B682CB28-D3ED-4AEA-9C9D-1256A2280074}.Debug|Any CPU.ActiveCfg = Debug|Any CPU
		{B682CB28-D3ED-4AEA-9C9D-1256A2280074}.Debug|Any CPU.Build.0 = Debug|Any CPU
		{B682CB28-D3ED-4AEA-9C9D-1256A2280074}.Release|Any CPU.ActiveCfg = Release|Any CPU
		{B682CB28-D3ED-4AEA-9C9D-1256A2280074}.Release|Any CPU.Build.0 = Release|Any CPU
		{3DB2DDEA-ED97-48A2-8D3F-D8F2717C41A5}.Debug|Any CPU.ActiveCfg = Debug|Any CPU
		{3DB2DDEA-ED97-48A2-8D3F-D8F2717C41A5}.Debug|Any CPU.Build.0 = Debug|Any CPU
		{3DB2DDEA-ED97-48A2-8D3F-D8F2717C41A5}.Release|Any CPU.ActiveCfg = Release|Any CPU
		{3DB2DDEA-ED97-48A2-8D3F-D8F2717C41A5}.Release|Any CPU.Build.0 = Release|Any CPU
		{289CF844-EA8E-4065-B3CE-C7A054967AF0}.Debug|Any CPU.ActiveCfg = Debug|Any CPU
		{289CF844-EA8E-4065-B3CE-C7A054967AF0}.Debug|Any CPU.Build.0 = Debug|Any CPU
		{289CF844-EA8E-4065-B3CE-C7A054967AF0}.Release|Any CPU.ActiveCfg = Release|Any CPU
		{289CF844-EA8E-4065-B3CE-C7A054967AF0}.Release|Any CPU.Build.0 = Release|Any CPU
		{9FE939FC-5136-4D00-9BE1-357C1AD50238}.Debug|Any CPU.ActiveCfg = Debug|Any CPU
		{9FE939FC-5136-4D00-9BE1-357C1AD50238}.Debug|Any CPU.Build.0 = Debug|Any CPU
		{9FE939FC-5136-4D00-9BE1-357C1AD50238}.Release|Any CPU.ActiveCfg = Release|Any CPU
		{9FE939FC-5136-4D00-9BE1-357C1AD50238}.Release|Any CPU.Build.0 = Release|Any CPU
		{BB6F528D-E8AE-4853-8B2B-88BBEB21FB96}.Debug|Any CPU.ActiveCfg = Debug|Any CPU
		{BB6F528D-E8AE-4853-8B2B-88BBEB21FB96}.Debug|Any CPU.Build.0 = Debug|Any CPU
		{BB6F528D-E8AE-4853-8B2B-88BBEB21FB96}.Release|Any CPU.ActiveCfg = Release|Any CPU
		{BB6F528D-E8AE-4853-8B2B-88BBEB21FB96}.Release|Any CPU.Build.0 = Release|Any CPU
		{FF6C3EAD-DC34-4F88-B83A-E599A49CBDF3}.Debug|Any CPU.ActiveCfg = Debug|Any CPU
		{FF6C3EAD-DC34-4F88-B83A-E599A49CBDF3}.Debug|Any CPU.Build.0 = Debug|Any CPU
		{FF6C3EAD-DC34-4F88-B83A-E599A49CBDF3}.Release|Any CPU.ActiveCfg = Release|Any CPU
		{FF6C3EAD-DC34-4F88-B83A-E599A49CBDF3}.Release|Any CPU.Build.0 = Release|Any CPU
		{2CB8453E-C025-493A-A0A3-F468F08320F8}.Debug|Any CPU.ActiveCfg = Debug|Any CPU
		{2CB8453E-C025-493A-A0A3-F468F08320F8}.Debug|Any CPU.Build.0 = Debug|Any CPU
		{2CB8453E-C025-493A-A0A3-F468F08320F8}.Release|Any CPU.ActiveCfg = Release|Any CPU
		{2CB8453E-C025-493A-A0A3-F468F08320F8}.Release|Any CPU.Build.0 = Release|Any CPU
		{28E2E6F5-C1A3-47EE-AA1C-7F3E96A2AE12}.Debug|Any CPU.ActiveCfg = Debug|Any CPU
		{28E2E6F5-C1A3-47EE-AA1C-7F3E96A2AE12}.Debug|Any CPU.Build.0 = Debug|Any CPU
		{28E2E6F5-C1A3-47EE-AA1C-7F3E96A2AE12}.Release|Any CPU.ActiveCfg = Release|Any CPU
		{28E2E6F5-C1A3-47EE-AA1C-7F3E96A2AE12}.Release|Any CPU.Build.0 = Release|Any CPU
		{44102F43-C1C9-47E5-82B2-54C3D7EDA8A8}.Debug|Any CPU.ActiveCfg = Debug|Any CPU
		{44102F43-C1C9-47E5-82B2-54C3D7EDA8A8}.Debug|Any CPU.Build.0 = Debug|Any CPU
		{44102F43-C1C9-47E5-82B2-54C3D7EDA8A8}.Release|Any CPU.ActiveCfg = Release|Any CPU
		{44102F43-C1C9-47E5-82B2-54C3D7EDA8A8}.Release|Any CPU.Build.0 = Release|Any CPU
	EndGlobalSection
	GlobalSection(SolutionProperties) = preSolution
		HideSolutionNode = FALSE
	EndGlobalSection
EndGlobal
